
Microsoft Visual Studio Solution File, Format Version 12.00
# Visual Studio Version 17
VisualStudioVersion = 17.7.34009.444
MinimumVisualStudioVersion = 10.0.40219.1
Project("{F184B08F-C81C-45F6-A57F-5ABD9991F28F}") = "Salary and Loan", "Salary and Loan\Salary and Loan.vbproj", "{D25D06D2-00E8-4A41-B2FA-CB4BFDAA1786}"
EndProject
Global
	GlobalSection(SolutionConfigurationPlatforms) = preSolution
		Debug|Any CPU = Debug|Any CPU
		Release|Any CPU = Release|Any CPU
	EndGlobalSection
	GlobalSection(ProjectConfigurationPlatforms) = postSolution
		{D25D06D2-00E8-4A41-B2FA-CB4BFDAA1786}.Debug|Any CPU.ActiveCfg = Debug|Any CPU
		{D25D06D2-00E8-4A41-B2FA-CB4BFDAA1786}.Debug|Any CPU.Build.0 = Debug|Any CPU
		{D25D06D2-00E8-4A41-B2FA-CB4BFDAA1786}.Release|Any CPU.ActiveCfg = Release|Any CPU
		{D25D06D2-00E8-4A41-B2FA-CB4BFDAA1786}.Release|Any CPU.Build.0 = Release|Any CPU
	EndGlobalSection
	GlobalSection(SolutionProperties) = preSolution
		HideSolutionNode = FALSE
	EndGlobalSection
	GlobalSection(ExtensibilityGlobals) = postSolution
		SolutionGuid = {88DC837B-9CC1-4316-84ED-F84724D28314}
	EndGlobalSection
EndGlobal
